github.com/ajiyoshi-vg/external v0.0.0-20240925044203-7f6ccf58d02e h1:hKrcVN5c5mYbmGcjgMQIwOfURSIaO048ViU3emUWaUA=
github.com/ajiyoshi-vg/external v0.0.0-20240925044203-7f6ccf58d02e/go.mod h1:Sm/g0L0F1NiwClqtFT/A+kGJQrCFGp36Q6eBR4fZvWs=
github.com/ajiyoshi-vg/external v0.0.0-20240925080105-8951936a439c h1:Qc0Qe1Pe1Eumah1KpgDIg98zaSs9WeJeny8NkbepGLM=
github.com/ajiyoshi-vg/external v0.0.0-20240925080105-8951936a439c/go.mod h1:Sm/g0L0F1NiwClqtFT/A+kGJQrCFGp36Q6eBR4fZvWs=
github.com/davecgh/go-spew v1.1.1 h1:vj9j/u1bqnvCEfJOwUhtlOARqs3+rkHYY13jYWTU97c=
github.com/davecgh/go-spew v1.1.1/go.mod h1:J7Y8YcW2NihsgmVo/mv3lAwl/skON4iLHjSsI+c5H38=
github.com/euclidr/darts v0.0.0-20180401113647-e0859b23b68e h1:SJ6NVXT96EzZgSX2V5NBVYGsHyxHXrDhhtrWOKe4n/k=
github.com/euclidr/darts v0.0.0-20180401113647-e0859b23b68e/go.mod h1:uZOcB9m9tCkJHZFC3diz9McvyuzFL3wWG+Wn1IiNXjI=
github.com/google/uuid v1.6.0 h1:NIvaJDMOsjHA8n1jAhLSgzrAzy1Hgr+hNrb57e+94F0=
github.com/google/uuid v1.6.0/go.mod h1:TIyPZe4MgqvfeYDBFedMoGGpEw/LqOeaOT+nhxU+yHo=
github.com/ikawaha/da v0.0.0-20141126165404-5556b9e515ca h1:Ye8wDuFVpINaiKj26eAOwmqBAWDEEVdhgEtyUCfUMw8=
github.com/ikawaha/da v0.0.0-20141126165404-5556b9e515ca/go.mod h1:JZfcL9+WaPkxDS7OBk09o8VkkV7YYI9yLQG610HxZds=
github.com/ikawaha/dartsclone v1.0.0 h1:Z6R0BASHSNSxlcIY6UE1+aR6azYW6j3ge6dbmT+JWA0=
github.com/ikawaha/dartsclone v1.0.0/go.mod h1:6+lg0WgpO3ZJaqHu/qOSNIjxbeD1qpTpimD8YYnBnJY=
github.com/mitchellh/colorstring v0.0.0-20150917214807-8631ce90f286 h1:KHyL+3mQOF9sPfs26lsefckcFNDcIZtiACQiECzIUkw=
github.com/mitchellh/colorstring v0.0.0-20150917214807-8631ce90f286/go.mod h1:l0dey0ia/Uv7NcFFVbCLtqEBQbrT4OCwCSKTEv6enCw=
github.com/pkg/errors v0.9.1 h1:FEBLx1zS214owpjy7qsBeixbURkuhQAwrK5UwLGTwt4=
github.com/pkg/errors v0.9.1/go.mod h1:bwawxfHBFNV+L2hUp1rHADufV3IMtnDRdf1r5NINEl0=
github.com/pmezard/go-difflib v1.0.0 h1:4DBwDE0NGyQoBHbLQYPwSUPoCMWR5BEzIk/f1lZbAQM=
github.com/pmezard/go-difflib v1.0.0/go.mod h1:iKH77koFhYxTK1pcRnkKkqfTogsbg7gZNVY4sRDYZ/4=
github.com/schollz/progressbar v1.0.0 h1:gbyFReLHDkZo8mxy/dLWMr+Mpb1MokGJ1FqCiqacjZM=
github.com/schollz/progressbar v1.0.0/go.mod h1:/l9I7PC3L3erOuz54ghIRKUEFcosiWfLvJv+Eq26UMs=
github.com/schollz/progressbar/v2 v2.7.1 h1:wEojKO9r+zgGEEgJSsu7QcVAM0NeEP64Ad4lHK12A5A=
github.com/schollz/progressbar/v2 v2.7.1/go.mod h1:l6tn6yU6ZdQoF8lwX/VoAUQ3FjhCbrcZDnl9xeWZzYw=
github.com/stretchr/testify v1.9.0 h1:HtqpIVDClZ4nwg75+f6Lvsy/wHu+3BoSGCbBAcpTsTg=
github.com/stretchr/testify v1.9.0/go.mod h1:r2ic/lqez/lEtzL7wO/rwa5dbSLXVDPFyf8C91i36aY=
golang.org/x/exp v0.0.0-20240909161429-701f63a606c0 h1:e66Fs6Z+fZTbFBAxKfP3PALWBtpfqks2bwGcexMxgtk=
golang.org/x/exp v0.0.0-20240909161429-701f63a606c0/go.mod h1:2TbTHSBQa924w8M6Xs1QcRcFwyucIwBGpK1p2f1YFFY=
golang.org/x/sync v0.8.0 h1:3NFvSEYkUoMifnESzZl15y791HH1qU2xm6eCJU5ZPXQ=
golang.org/x/sync v0.8.0/go.mod h1:Czt+wKu1gCyEFDUtn0jG5QVvpJ6rzVqr5aXyt9drQfk=
golang.org/x/sys v0.0.0-20181213200352-4d1cda033e06/go.mod h1:STP8DvDyc/dI5b8T5hshtkjS+E42TnysNCUPdjciGhY=
golang.org/x/sys v0.1.0 h1:kunALQeHf1/185U1i0GOB/fy1IPRDDpuoOOqRReG57U=
golang.org/x/sys v0.1.0/go.mod h1:oPkhp1MJrh7nUepCBck5+mAzfO9JrbApNNgaTdGDITg=
gopkg.in/check.v1 v0.0.0-20161208181325-20d25e280405 h1:yhCVgyC4o1eVCa2tZl7eS0r+SDo693bJlVdllGtEeKM=
gopkg.in/check.v1 v0.0.0-20161208181325-20d25e280405/go.mod h1:Co6ibVJAznAaIkqp8huTwlJQCZ016jof/cbN4VW5Yz0=
gopkg.in/yaml.v3 v3.0.1 h1:fxVm/GzAzEWqLHuvctI91KS9hhNmmWOoWu0XTYJS7CA=
gopkg.in/yaml.v3 v3.0.1/go.mod h1:K4uyk7z7BCEPqu6E+C64Yfv1cQ7kz7rIZviUmN+EgEM=
